
Microsoft Visual Studio Solution File, Format Version 12.00
# Visual Studio 2013
VisualStudioVersion = 12.0.21005.1
MinimumVisualStudioVersion = 10.0.40219.1
Project("{8BC9CEB8-8B4A-11D0-8D11-00A0C91BC942}") = "FileSwapper", "FileSwapper\FileSwapper.vcxproj", "{B4EA294A-2076-46A4-A3AA-F77404B898D8}"
EndProject
Project("{8BC9CEB8-8B4A-11D0-8D11-00A0C91BC942}") = "FileSwapperState", "FileSwapperState\FileSwapperState.vcxproj", "{3E5F7E4A-0B2D-4381-8351-6F70BB564F8D}"
EndProject
Project("{8BC9CEB8-8B4A-11D0-8D11-00A0C91BC942}") = "ComTester", "ComTester\ComTester.vcxproj", "{7FD3F8AE-9B65-44E2-8744-5DD7BAD7C137}"
EndProject
Project("{8BC9CEB8-8B4A-11D0-8D11-00A0C91BC942}") = "ComTesterPS", "ComTester\ComTesterPS.vcxproj", "{0702D39A-6B7D-4B0B-8A3B-C044AA7A85E4}"
EndProject
Project("{8BC9CEB8-8B4A-11D0-8D11-00A0C91BC942}") = "FileSwapperPS", "FileSwapper\FileSwapperPS.vcxproj", "{0AECBB96-AA3E-4EFE-8229-B0713BB6CAAB}"
EndProject
Global
	GlobalSection(SolutionConfigurationPlatforms) = preSolution
		Debug|Mixed Platforms = Debug|Mixed Platforms
		Debug|Win32 = Debug|Win32
		Debug|x64 = Debug|x64
		Release|Mixed Platforms = Release|Mixed Platforms
		Release|Win32 = Release|Win32
		Release|x64 = Release|x64
	EndGlobalSection
	GlobalSection(ProjectConfigurationPlatforms) = postSolution
		{B4EA294A-2076-46A4-A3AA-F77404B898D8}.Debug|Mixed Platforms.ActiveCfg = Debug|x64
		{B4EA294A-2076-46A4-A3AA-F77404B898D8}.Debug|Mixed Platforms.Build.0 = Debug|x64
		{B4EA294A-2076-46A4-A3AA-F77404B898D8}.Debug|Win32.ActiveCfg = Debug|x64
		{B4EA294A-2076-46A4-A3AA-F77404B898D8}.Debug|Win32.Build.0 = Debug|x64
		{B4EA294A-2076-46A4-A3AA-F77404B898D8}.Debug|x64.ActiveCfg = Debug|x64
		{B4EA294A-2076-46A4-A3AA-F77404B898D8}.Debug|x64.Build.0 = Debug|x64
		{B4EA294A-2076-46A4-A3AA-F77404B898D8}.Release|Mixed Platforms.ActiveCfg = Release|x64
		{B4EA294A-2076-46A4-A3AA-F77404B898D8}.Release|Mixed Platforms.Build.0 = Release|x64
		{B4EA294A-2076-46A4-A3AA-F77404B898D8}.Release|Win32.ActiveCfg = Release|x64
		{B4EA294A-2076-46A4-A3AA-F77404B898D8}.Release|Win32.Build.0 = Release|x64
		{B4EA294A-2076-46A4-A3AA-F77404B898D8}.Release|x64.ActiveCfg = Release|x64
		{B4EA294A-2076-46A4-A3AA-F77404B898D8}.Release|x64.Build.0 = Release|x64
		{3E5F7E4A-0B2D-4381-8351-6F70BB564F8D}.Debug|Mixed Platforms.ActiveCfg = Debug|x64
		{3E5F7E4A-0B2D-4381-8351-6F70BB564F8D}.Debug|Mixed Platforms.Build.0 = Debug|x64
		{3E5F7E4A-0B2D-4381-8351-6F70BB564F8D}.Debug|Win32.ActiveCfg = Debug|x64
		{3E5F7E4A-0B2D-4381-8351-6F70BB564F8D}.Debug|x64.ActiveCfg = Debug|x64
		{3E5F7E4A-0B2D-4381-8351-6F70BB564F8D}.Debug|x64.Build.0 = Debug|x64
		{3E5F7E4A-0B2D-4381-8351-6F70BB564F8D}.Release|Mixed Platforms.ActiveCfg = Release|x64
		{3E5F7E4A-0B2D-4381-8351-6F70BB564F8D}.Release|Mixed Platforms.Build.0 = Release|x64
		{3E5F7E4A-0B2D-4381-8351-6F70BB564F8D}.Release|Win32.ActiveCfg = Release|x64
		{3E5F7E4A-0B2D-4381-8351-6F70BB564F8D}.Release|x64.ActiveCfg = Release|x64
		{3E5F7E4A-0B2D-4381-8351-6F70BB564F8D}.Release|x64.Build.0 = Release|x64
		{7FD3F8AE-9B65-44E2-8744-5DD7BAD7C137}.Debug|Mixed Platforms.ActiveCfg = Debug|x64
		{7FD3F8AE-9B65-44E2-8744-5DD7BAD7C137}.Debug|Mixed Platforms.Build.0 = Debug|x64
		{7FD3F8AE-9B65-44E2-8744-5DD7BAD7C137}.Debug|Win32.ActiveCfg = Debug|x64
		{7FD3F8AE-9B65-44E2-8744-5DD7BAD7C137}.Debug|x64.ActiveCfg = Debug|x64
		{7FD3F8AE-9B65-44E2-8744-5DD7BAD7C137}.Debug|x64.Build.0 = Debug|x64
		{7FD3F8AE-9B65-44E2-8744-5DD7BAD7C137}.Release|Mixed Platforms.ActiveCfg = Release|x64
		{7FD3F8AE-9B65-44E2-8744-5DD7BAD7C137}.Release|Mixed Platforms.Build.0 = Release|x64
		{7FD3F8AE-9B65-44E2-8744-5DD7BAD7C137}.Release|Win32.ActiveCfg = Release|x64
		{7FD3F8AE-9B65-44E2-8744-5DD7BAD7C137}.Release|x64.ActiveCfg = Release|x64
		{7FD3F8AE-9B65-44E2-8744-5DD7BAD7C137}.Release|x64.Build.0 = Release|x64
		{0702D39A-6B7D-4B0B-8A3B-C044AA7A85E4}.Debug|Mixed Platforms.ActiveCfg = Debug|Win32
		{0702D39A-6B7D-4B0B-8A3B-C044AA7A85E4}.Debug|Mixed Platforms.Build.0 = Debug|Win32
		{0702D39A-6B7D-4B0B-8A3B-C044AA7A85E4}.Debug|Win32.ActiveCfg = Debug|Win32
		{0702D39A-6B7D-4B0B-8A3B-C044AA7A85E4}.Debug|Win32.Build.0 = Debug|Win32
		{0702D39A-6B7D-4B0B-8A3B-C044AA7A85E4}.Debug|x64.ActiveCfg = Debug|Win32
		{0702D39A-6B7D-4B0B-8A3B-C044AA7A85E4}.Release|Mixed Platforms.ActiveCfg = Release|Win32
		{0702D39A-6B7D-4B0B-8A3B-C044AA7A85E4}.Release|Mixed Platforms.Build.0 = Release|Win32
		{0702D39A-6B7D-4B0B-8A3B-C044AA7A85E4}.Release|Win32.ActiveCfg = Release|Win32
		{0702D39A-6B7D-4B0B-8A3B-C044AA7A85E4}.Release|Win32.Build.0 = Release|Win32
		{0702D39A-6B7D-4B0B-8A3B-C044AA7A85E4}.Release|x64.ActiveCfg = Release|Win32
		{0AECBB96-AA3E-4EFE-8229-B0713BB6CAAB}.Debug|Mixed Platforms.ActiveCfg = Debug|x64
		{0AECBB96-AA3E-4EFE-8229-B0713BB6CAAB}.Debug|Mixed Platforms.Build.0 = Debug|x64
		{0AECBB96-AA3E-4EFE-8229-B0713BB6CAAB}.Debug|Win32.ActiveCfg = Debug|x64
		{0AECBB96-AA3E-4EFE-8229-B0713BB6CAAB}.Debug|x64.ActiveCfg = Debug|x64
		{0AECBB96-AA3E-4EFE-8229-B0713BB6CAAB}.Debug|x64.Build.0 = Debug|x64
		{0AECBB96-AA3E-4EFE-8229-B0713BB6CAAB}.Release|Mixed Platforms.ActiveCfg = Release|x64
		{0AECBB96-AA3E-4EFE-8229-B0713BB6CAAB}.Release|Mixed Platforms.Build.0 = Release|x64
		{0AECBB96-AA3E-4EFE-8229-B0713BB6CAAB}.Release|Win32.ActiveCfg = Release|x64
		{0AECBB96-AA3E-4EFE-8229-B0713BB6CAAB}.Release|x64.ActiveCfg = Release|x64
		{0AECBB96-AA3E-4EFE-8229-B0713BB6CAAB}.Release|x64.Build.0 = Release|x64
	EndGlobalSection
	GlobalSection(SolutionProperties) = preSolution
		HideSolutionNode = FALSE
	EndGlobalSection
EndGlobal
